// !$*UTF8*$!
{
	archiveVersion = 1;
	classes = {
	};
	objectVersion = 56;
	objects = {

/* Begin PBXBuildFile section */
		90A31D3D2A2FF90C00230DA6 /* APIResponse.swift in Sources */ = {isa = PBXBuildFile; fileRef = 90A31D3C2A2FF90C00230DA6 /* APIResponse.swift */; };
		90D1AC012A22713900CA16B6 /* CategoryView.swift in Sources */ = {isa = PBXBuildFile; fileRef = 90D1AC002A22713900CA16B6 /* CategoryView.swift */; };
		90D1AC032A22714500CA16B6 /* SectionTitleView.swift in Sources */ = {isa = PBXBuildFile; fileRef = 90D1AC022A22714500CA16B6 /* SectionTitleView.swift */; };
		90D1AC052A22714D00CA16B6 /* PopularDishesView.swift in Sources */ = {isa = PBXBuildFile; fileRef = 90D1AC042A22714D00CA16B6 /* PopularDishesView.swift */; };
		90D1AC072A22715600CA16B6 /* RecommendedView.swift in Sources */ = {isa = PBXBuildFile; fileRef = 90D1AC062A22715600CA16B6 /* RecommendedView.swift */; };
		90D1AC0A2A22DC8400CA16B6 /* DishDetailView.swift in Sources */ = {isa = PBXBuildFile; fileRef = 90D1AC092A22DC8400CA16B6 /* DishDetailView.swift */; };
		90D1AC0E2A2691A800CA16B6 /* OnboardView.swift in Sources */ = {isa = PBXBuildFile; fileRef = 90D1AC0D2A2691A800CA16B6 /* OnboardView.swift */; };
		90D1AC102A2693CD00CA16B6 /* OnboardScreenView.swift in Sources */ = {isa = PBXBuildFile; fileRef = 90D1AC0F2A2693CD00CA16B6 /* OnboardScreenView.swift */; };
		90D1AC122A26A16100CA16B6 /* Router.swift in Sources */ = {isa = PBXBuildFile; fileRef = 90D1AC112A26A16100CA16B6 /* Router.swift */; };
		90ED7EC22A2108C6001B59B3 /* YummieApp.swift in Sources */ = {isa = PBXBuildFile; fileRef = 90ED7EC12A2108C6001B59B3 /* YummieApp.swift */; };
		90ED7EC42A2108C6001B59B3 /* HomeView.swift in Sources */ = {isa = PBXBuildFile; fileRef = 90ED7EC32A2108C6001B59B3 /* HomeView.swift */; };
		90ED7EC62A2108C7001B59B3 /* Assets.xcassets in Resources */ = {isa = PBXBuildFile; fileRef = 90ED7EC52A2108C7001B59B3 /* Assets.xcassets */; };
		90ED7EC92A2108C7001B59B3 /* Preview Assets.xcassets in Resources */ = {isa = PBXBuildFile; fileRef = 90ED7EC82A2108C7001B59B3 /* Preview Assets.xcassets */; };
		90ED7ECB2A2108C7001B59B3 /* Persistence.swift in Sources */ = {isa = PBXBuildFile; fileRef = 90ED7ECA2A2108C7001B59B3 /* Persistence.swift */; };
		90ED7ECE2A2108C7001B59B3 /* Yummie.xcdatamodeld in Sources */ = {isa = PBXBuildFile; fileRef = 90ED7ECC2A2108C7001B59B3 /* Yummie.xcdatamodeld */; };
		90ED7ED72A210921001B59B3 /* Strings.swift in Sources */ = {isa = PBXBuildFile; fileRef = 90ED7ED62A210921001B59B3 /* Strings.swift */; };
		90ED7ED92A21092C001B59B3 /* NetworkError.swift in Sources */ = {isa = PBXBuildFile; fileRef = 90ED7ED82A21092C001B59B3 /* NetworkError.swift */; };
		90ED7EDB2A210935001B59B3 /* ViewState.swift in Sources */ = {isa = PBXBuildFile; fileRef = 90ED7EDA2A210935001B59B3 /* ViewState.swift */; };
		90ED7EDD2A21095F001B59B3 /* NetworkService.swift in Sources */ = {isa = PBXBuildFile; fileRef = 90ED7EDC2A21095F001B59B3 /* NetworkService.swift */; };
		90ED7EE42A2109EA001B59B3 /* HomeViewModel.swift in Sources */ = {isa = PBXBuildFile; fileRef = 90ED7EE32A2109EA001B59B3 /* HomeViewModel.swift */; };
		90ED7EE62A210C7E001B59B3 /* ErrorView.swift in Sources */ = {isa = PBXBuildFile; fileRef = 90ED7EE52A210C7E001B59B3 /* ErrorView.swift */; };
/* End PBXBuildFile section */

/* Begin PBXFileReference section */
		90A31D3C2A2FF90C00230DA6 /* APIResponse.swift */ = {isa = PBXFileReference; lastKnownFileType = sourcecode.swift; path = APIResponse.swift; sourceTree = "<group>"; };
		90D1AC002A22713900CA16B6 /* CategoryView.swift */ = {isa = PBXFileReference; lastKnownFileType = sourcecode.swift; path = CategoryView.swift; sourceTree = "<group>"; };
		90D1AC022A22714500CA16B6 /* SectionTitleView.swift */ = {isa = PBXFileReference; lastKnownFileType = sourcecode.swift; path = SectionTitleView.swift; sourceTree = "<group>"; };
		90D1AC042A22714D00CA16B6 /* PopularDishesView.swift */ = {isa = PBXFileReference; lastKnownFileType = sourcecode.swift; path = PopularDishesView.swift; sourceTree = "<group>"; };
		90D1AC062A22715600CA16B6 /* RecommendedView.swift */ = {isa = PBXFileReference; lastKnownFileType = sourcecode.swift; path = RecommendedView.swift; sourceTree = "<group>"; };
		90D1AC092A22DC8400CA16B6 /* DishDetailView.swift */ = {isa = PBXFileReference; lastKnownFileType = sourcecode.swift; path = DishDetailView.swift; sourceTree = "<group>"; };
		90D1AC0D2A2691A800CA16B6 /* OnboardView.swift */ = {isa = PBXFileReference; lastKnownFileType = sourcecode.swift; path = OnboardView.swift; sourceTree = "<group>"; };
		90D1AC0F2A2693CD00CA16B6 /* OnboardScreenView.swift */ = {isa = PBXFileReference; lastKnownFileType = sourcecode.swift; path = OnboardScreenView.swift; sourceTree = "<group>"; };
		90D1AC112A26A16100CA16B6 /* Router.swift */ = {isa = PBXFileReference; lastKnownFileType = sourcecode.swift; path = Router.swift; sourceTree = "<group>"; };
		90ED7EBE2A2108C6001B59B3 /* Yummie.app */ = {isa = PBXFileReference; explicitFileType = wrapper.application; includeInIndex = 0; path = Yummie.app; sourceTree = BUILT_PRODUCTS_DIR; };
		90ED7EC12A2108C6001B59B3 /* YummieApp.swift */ = {isa = PBXFileReference; lastKnownFileType = sourcecode.swift; path = YummieApp.swift; sourceTree = "<group>"; };
		90ED7EC32A2108C6001B59B3 /* HomeView.swift */ = {isa = PBXFileReference; lastKnownFileType = sourcecode.swift; path = HomeView.swift; sourceTree = "<group>"; };
		90ED7EC52A2108C7001B59B3 /* Assets.xcassets */ = {isa = PBXFileReference; lastKnownFileType = folder.assetcatalog; path = Assets.xcassets; sourceTree = "<group>"; };
		90ED7EC82A2108C7001B59B3 /* Preview Assets.xcassets */ = {isa = PBXFileReference; lastKnownFileType = folder.assetcatalog; path = "Preview Assets.xcassets"; sourceTree = "<group>"; };
		90ED7ECA2A2108C7001B59B3 /* Persistence.swift */ = {isa = PBXFileReference; lastKnownFileType = sourcecode.swift; path = Persistence.swift; sourceTree = "<group>"; };
		90ED7ECD2A2108C7001B59B3 /* Yummie.xcdatamodel */ = {isa = PBXFileReference; lastKnownFileType = wrapper.xcdatamodel; path = Yummie.xcdatamodel; sourceTree = "<group>"; };
		90ED7ED62A210921001B59B3 /* Strings.swift */ = {isa = PBXFileReference; lastKnownFileType = sourcecode.swift; path = Strings.swift; sourceTree = "<group>"; };
		90ED7ED82A21092C001B59B3 /* NetworkError.swift */ = {isa = PBXFileReference; lastKnownFileType = sourcecode.swift; path = NetworkError.swift; sourceTree = "<group>"; };
		90ED7EDA2A210935001B59B3 /* ViewState.swift */ = {isa = PBXFileReference; lastKnownFileType = sourcecode.swift; path = ViewState.swift; sourceTree = "<group>"; };
		90ED7EDC2A21095F001B59B3 /* NetworkService.swift */ = {isa = PBXFileReference; lastKnownFileType = sourcecode.swift; path = NetworkService.swift; sourceTree = "<group>"; };
		90ED7EE32A2109EA001B59B3 /* HomeViewModel.swift */ = {isa = PBXFileReference; lastKnownFileType = sourcecode.swift; path = HomeViewModel.swift; sourceTree = "<group>"; };
		90ED7EE52A210C7E001B59B3 /* ErrorView.swift */ = {isa = PBXFileReference; lastKnownFileType = sourcecode.swift; path = ErrorView.swift; sourceTree = "<group>"; };
/* End PBXFileReference section */

/* Begin PBXFrameworksBuildPhase section */
		90ED7EBB2A2108C6001B59B3 /* Frameworks */ = {
			isa = PBXFrameworksBuildPhase;
			buildActionMask = 2147483647;
			files = (
			);
			runOnlyForDeploymentPostprocessing = 0;
		};
/* End PBXFrameworksBuildPhase section */

/* Begin PBXGroup section */
		90D1AC082A22DC5800CA16B6 /* DishDetail */ = {
			isa = PBXGroup;
			children = (
				90D1AC092A22DC8400CA16B6 /* DishDetailView.swift */,
			);
			path = DishDetail;
			sourceTree = "<group>";
		};
		90D1AC0B2A26912700CA16B6 /* Resources */ = {
			isa = PBXGroup;
			children = (
				90ED7EC12A2108C6001B59B3 /* YummieApp.swift */,
				90ED7EC52A2108C7001B59B3 /* Assets.xcassets */,
				90ED7ECA2A2108C7001B59B3 /* Persistence.swift */,
				90ED7ECC2A2108C7001B59B3 /* Yummie.xcdatamodeld */,
			);
			path = Resources;
			sourceTree = "<group>";
		};
		90D1AC0C2A26917D00CA16B6 /* Onboard */ = {
			isa = PBXGroup;
			children = (
				90D1AC0D2A2691A800CA16B6 /* OnboardView.swift */,
				90D1AC0F2A2693CD00CA16B6 /* OnboardScreenView.swift */,
			);
			path = Onboard;
			sourceTree = "<group>";
		};
		90ED7EB52A2108C6001B59B3 = {
			isa = PBXGroup;
			children = (
				90ED7EC02A2108C6001B59B3 /* Yummie */,
				90ED7EBF2A2108C6001B59B3 /* Products */,
			);
			sourceTree = "<group>";
		};
		90ED7EBF2A2108C6001B59B3 /* Products */ = {
			isa = PBXGroup;
			children = (
				90ED7EBE2A2108C6001B59B3 /* Yummie.app */,
			);
			name = Products;
			sourceTree = "<group>";
		};
		90ED7EC02A2108C6001B59B3 /* Yummie */ = {
			isa = PBXGroup;
			children = (
				90ED7ED52A210914001B59B3 /* Service */,
				90ED7ED42A21090D001B59B3 /* Utilities */,
				90ED7EDE2A21096B001B59B3 /* Screens */,
				90D1AC0B2A26912700CA16B6 /* Resources */,
				90ED7EC72A2108C7001B59B3 /* Preview Content */,
			);
			path = Yummie;
			sourceTree = "<group>";
		};
		90ED7EC72A2108C7001B59B3 /* Preview Content */ = {
			isa = PBXGroup;
			children = (
				90ED7EC82A2108C7001B59B3 /* Preview Assets.xcassets */,
			);
			path = "Preview Content";
			sourceTree = "<group>";
		};
		90ED7ED42A21090D001B59B3 /* Utilities */ = {
			isa = PBXGroup;
			children = (
				90ED7ED62A210921001B59B3 /* Strings.swift */,
				90ED7ED82A21092C001B59B3 /* NetworkError.swift */,
				90ED7EDA2A210935001B59B3 /* ViewState.swift */,
				90D1AC112A26A16100CA16B6 /* Router.swift */,
			);
			path = Utilities;
			sourceTree = "<group>";
		};
		90ED7ED52A210914001B59B3 /* Service */ = {
			isa = PBXGroup;
			children = (
				90ED7EDC2A21095F001B59B3 /* NetworkService.swift */,
			);
			path = Service;
			sourceTree = "<group>";
		};
		90ED7EDE2A21096B001B59B3 /* Screens */ = {
			isa = PBXGroup;
			children = (
				90D1AC0C2A26917D00CA16B6 /* Onboard */,
				90ED7EDF2A210977001B59B3 /* Home */,
				90D1AC082A22DC5800CA16B6 /* DishDetail */,
			);
			path = Screens;
			sourceTree = "<group>";
		};
		90ED7EDF2A210977001B59B3 /* Home */ = {
			isa = PBXGroup;
			children = (
				90ED7EE02A210980001B59B3 /* Model */,
				90ED7EE12A210986001B59B3 /* View */,
				90ED7EE22A21098A001B59B3 /* ViewModel */,
			);
			path = Home;
			sourceTree = "<group>";
		};
		90ED7EE02A210980001B59B3 /* Model */ = {
			isa = PBXGroup;
			children = (
				90A31D3C2A2FF90C00230DA6 /* APIResponse.swift */,
			);
			path = Model;
			sourceTree = "<group>";
		};
		90ED7EE12A210986001B59B3 /* View */ = {
			isa = PBXGroup;
			children = (
				90ED7EC32A2108C6001B59B3 /* HomeView.swift */,
				90D1AC002A22713900CA16B6 /* CategoryView.swift */,
				90D1AC042A22714D00CA16B6 /* PopularDishesView.swift */,
				90D1AC062A22715600CA16B6 /* RecommendedView.swift */,
				90D1AC022A22714500CA16B6 /* SectionTitleView.swift */,
				90ED7EE52A210C7E001B59B3 /* ErrorView.swift */,
			);
			path = View;
			sourceTree = "<group>";
		};
		90ED7EE22A21098A001B59B3 /* ViewModel */ = {
			isa = PBXGroup;
			children = (
				90ED7EE32A2109EA001B59B3 /* HomeViewModel.swift */,
			);
			path = ViewModel;
			sourceTree = "<group>";
		};
/* End PBXGroup section */

/* Begin PBXNativeTarget section */
		90ED7EBD2A2108C6001B59B3 /* Yummie */ = {
			isa = PBXNativeTarget;
			buildConfigurationList = 90ED7ED12A2108C7001B59B3 /* Build configuration list for PBXNativeTarget "Yummie" */;
			buildPhases = (
				90ED7EBA2A2108C6001B59B3 /* Sources */,
				90ED7EBB2A2108C6001B59B3 /* Frameworks */,
				90ED7EBC2A2108C6001B59B3 /* Resources */,
			);
			buildRules = (
			);
			dependencies = (
			);
			name = Yummie;
			productName = Yummie;
			productReference = 90ED7EBE2A2108C6001B59B3 /* Yummie.app */;
			productType = "com.apple.product-type.application";
		};
/* End PBXNativeTarget section */

/* Begin PBXProject section */
		90ED7EB62A2108C6001B59B3 /* Project object */ = {
			isa = PBXProject;
			attributes = {
				BuildIndependentTargetsInParallel = 1;
				LastSwiftUpdateCheck = 1420;
				LastUpgradeCheck = 1420;
				TargetAttributes = {
					90ED7EBD2A2108C6001B59B3 = {
						CreatedOnToolsVersion = 14.2;
					};
				};
			};
			buildConfigurationList = 90ED7EB92A2108C6001B59B3 /* Build configuration list for PBXProject "Yummie" */;
			compatibilityVersion = "Xcode 14.0";
			developmentRegion = en;
			hasScannedForEncodings = 0;
			knownRegions = (
				en,
				Base,
			);
			mainGroup = 90ED7EB52A2108C6001B59B3;
			productRefGroup = 90ED7EBF2A2108C6001B59B3 /* Products */;
			projectDirPath = "";
			projectRoot = "";
			targets = (
				90ED7EBD2A2108C6001B59B3 /* Yummie */,
			);
		};
/* End PBXProject section */

/* Begin PBXResourcesBuildPhase section */
		90ED7EBC2A2108C6001B59B3 /* Resources */ = {
			isa = PBXResourcesBuildPhase;
			buildActionMask = 2147483647;
			files = (
				90ED7EC92A2108C7001B59B3 /* Preview Assets.xcassets in Resources */,
				90ED7EC62A2108C7001B59B3 /* Assets.xcassets in Resources */,
			);
			runOnlyForDeploymentPostprocessing = 0;
		};
/* End PBXResourcesBuildPhase section */

/* Begin PBXSourcesBuildPhase section */
		90ED7EBA2A2108C6001B59B3 /* Sources */ = {
			isa = PBXSourcesBuildPhase;
			buildActionMask = 2147483647;
			files = (
				90ED7ECB2A2108C7001B59B3 /* Persistence.swift in Sources */,
				90ED7EE42A2109EA001B59B3 /* HomeViewModel.swift in Sources */,
				90ED7EDB2A210935001B59B3 /* ViewState.swift in Sources */,
				90ED7EDD2A21095F001B59B3 /* NetworkService.swift in Sources */,
				90D1AC122A26A16100CA16B6 /* Router.swift in Sources */,
				90D1AC072A22715600CA16B6 /* RecommendedView.swift in Sources */,
				90ED7ECE2A2108C7001B59B3 /* Yummie.xcdatamodeld in Sources */,
				90D1AC012A22713900CA16B6 /* CategoryView.swift in Sources */,
				90ED7EE62A210C7E001B59B3 /* ErrorView.swift in Sources */,
				90D1AC102A2693CD00CA16B6 /* OnboardScreenView.swift in Sources */,
				90D1AC052A22714D00CA16B6 /* PopularDishesView.swift in Sources */,
				90ED7ED72A210921001B59B3 /* Strings.swift in Sources */,
				90ED7ED92A21092C001B59B3 /* NetworkError.swift in Sources */,
				90ED7EC42A2108C6001B59B3 /* HomeView.swift in Sources */,
				90D1AC0E2A2691A800CA16B6 /* OnboardView.swift in Sources */,
				90D1AC0A2A22DC8400CA16B6 /* DishDetailView.swift in Sources */,
				90ED7EC22A2108C6001B59B3 /* YummieApp.swift in Sources */,
				90D1AC032A22714500CA16B6 /* SectionTitleView.swift in Sources */,
				90A31D3D2A2FF90C00230DA6 /* APIResponse.swift in Sources */,
			);
			runOnlyForDeploymentPostprocessing = 0;
		};
/* End PBXSourcesBuildPhase section */

/* Begin XCBuildConfiguration section */
		90ED7ECF2A2108C7001B59B3 /* Debug */ = {
			isa = XCBuildConfiguration;
			buildSettings = {
				ALWAYS_SEARCH_USER_PATHS = NO;
				CLANG_ANALYZER_NONNULL = YES;
				CLANG_ANALYZER_NUMBER_OBJECT_CONVERSION = YES_AGGRESSIVE;
				CLANG_CXX_LANGUAGE_STANDARD = "gnu++20";
				CLANG_ENABLE_MODULES = YES;
				CLANG_ENABLE_OBJC_ARC = YES;
				CLANG_ENABLE_OBJC_WEAK = YES;
				CLANG_WARN_BLOCK_CAPTURE_AUTORELEASING = YES;
				CLANG_WARN_BOOL_CONVERSION = YES;
				CLANG_WARN_COMMA = YES;
				CLANG_WARN_CONSTANT_CONVERSION = YES;
				CLANG_WARN_DEPRECATED_OBJC_IMPLEMENTATIONS = YES;
				CLANG_WARN_DIRECT_OBJC_ISA_USAGE = YES_ERROR;
				CLANG_WARN_DOCUMENTATION_COMMENTS = YES;
				CLANG_WARN_EMPTY_BODY = YES;
				CLANG_WARN_ENUM_CONVERSION = YES;
				CLANG_WARN_INFINITE_RECURSION = YES;
				CLANG_WARN_INT_CONVERSION = YES;
				CLANG_WARN_NON_LITERAL_NULL_CONVERSION = YES;
				CLANG_WARN_OBJC_IMPLICIT_RETAIN_SELF = YES;
				CLANG_WARN_OBJC_LITERAL_CONVERSION = YES;
				CLANG_WARN_OBJC_ROOT_CLASS = YES_ERROR;
				CLANG_WARN_QUOTED_INCLUDE_IN_FRAMEWORK_HEADER = YES;
				CLANG_WARN_RANGE_LOOP_ANALYSIS = YES;
				CLANG_WARN_STRICT_PROTOTYPES = YES;
				CLANG_WARN_SUSPICIOUS_MOVE = YES;
				CLANG_WARN_UNGUARDED_AVAILABILITY = YES_AGGRESSIVE;
				CLANG_WARN_UNREACHABLE_CODE = YES;
				CLANG_WARN__DUPLICATE_METHOD_MATCH = YES;
				COPY_PHASE_STRIP = NO;
				DEBUG_INFORMATION_FORMAT = dwarf;
				ENABLE_STRICT_OBJC_MSGSEND = YES;
				ENABLE_TESTABILITY = YES;
				GCC_C_LANGUAGE_STANDARD = gnu11;
				GCC_DYNAMIC_NO_PIC = NO;
				GCC_NO_COMMON_BLOCKS = YES;
				GCC_OPTIMIZATION_LEVEL = 0;
				GCC_PREPROCESSOR_DEFINITIONS = (
					"DEBUG=1",
					"$(inherited)",
				);
				GCC_WARN_64_TO_32_BIT_CONVERSION = YES;
				GCC_WARN_ABOUT_RETURN_TYPE = YES_ERROR;
				GCC_WARN_UNDECLARED_SELECTOR = YES;
				GCC_WARN_UNINITIALIZED_AUTOS = YES_AGGRESSIVE;
				GCC_WARN_UNUSED_FUNCTION = YES;
				GCC_WARN_UNUSED_VARIABLE = YES;
				IPHONEOS_DEPLOYMENT_TARGET = 16.2;
				MTL_ENABLE_DEBUG_INFO = INCLUDE_SOURCE;
				MTL_FAST_MATH = YES;
				ONLY_ACTIVE_ARCH = YES;
				SDKROOT = iphoneos;
				SWIFT_ACTIVE_COMPILATION_CONDITIONS = DEBUG;
				SWIFT_OPTIMIZATION_LEVEL = "-Onone";
			};
			name = Debug;
		};
		90ED7ED02A2108C7001B59B3 /* Release */ = {
			isa = XCBuildConfiguration;
			buildSettings = {
				ALWAYS_SEARCH_USER_PATHS = NO;
				CLANG_ANALYZER_NONNULL = YES;
				CLANG_ANALYZER_NUMBER_OBJECT_CONVERSION = YES_AGGRESSIVE;
				CLANG_CXX_LANGUAGE_STANDARD = "gnu++20";
				CLANG_ENABLE_MODULES = YES;
				CLANG_ENABLE_OBJC_ARC = YES;
				CLANG_ENABLE_OBJC_WEAK = YES;
				CLANG_WARN_BLOCK_CAPTURE_AUTORELEASING = YES;
				CLANG_WARN_BOOL_CONVERSION = YES;
				CLANG_WARN_COMMA = YES;
				CLANG_WARN_CONSTANT_CONVERSION = YES;
				CLANG_WARN_DEPRECATED_OBJC_IMPLEMENTATIONS = YES;
				CLANG_WARN_DIRECT_OBJC_ISA_USAGE = YES_ERROR;
				CLANG_WARN_DOCUMENTATION_COMMENTS = YES;
				CLANG_WARN_EMPTY_BODY = YES;
				CLANG_WARN_ENUM_CONVERSION = YES;
				CLANG_WARN_INFINITE_RECURSION = YES;
				CLANG_WARN_INT_CONVERSION = YES;
				CLANG_WARN_NON_LITERAL_NULL_CONVERSION = YES;
				CLANG_WARN_OBJC_IMPLICIT_RETAIN_SELF = YES;
				CLANG_WARN_OBJC_LITERAL_CONVERSION = YES;
				CLANG_WARN_OBJC_ROOT_CLASS = YES_ERROR;
				CLANG_WARN_QUOTED_INCLUDE_IN_FRAMEWORK_HEADER = YES;
				CLANG_WARN_RANGE_LOOP_ANALYSIS = YES;
				CLANG_WARN_STRICT_PROTOTYPES = YES;
				CLANG_WARN_SUSPICIOUS_MOVE = YES;
				CLANG_WARN_UNGUARDED_AVAILABILITY = YES_AGGRESSIVE;
				CLANG_WARN_UNREACHABLE_CODE = YES;
				CLANG_WARN__DUPLICATE_METHOD_MATCH = YES;
				COPY_PHASE_STRIP = NO;
				DEBUG_INFORMATION_FORMAT = "dwarf-with-dsym";
				ENABLE_NS_ASSERTIONS = NO;
				ENABLE_STRICT_OBJC_MSGSEND = YES;
				GCC_C_LANGUAGE_STANDARD = gnu11;
				GCC_NO_COMMON_BLOCKS = YES;
				GCC_WARN_64_TO_32_BIT_CONVERSION = YES;
				GCC_WARN_ABOUT_RETURN_TYPE = YES_ERROR;
				GCC_WARN_UNDECLARED_SELECTOR = YES;
				GCC_WARN_UNINITIALIZED_AUTOS = YES_AGGRESSIVE;
				GCC_WARN_UNUSED_FUNCTION = YES;
				GCC_WARN_UNUSED_VARIABLE = YES;
				IPHONEOS_DEPLOYMENT_TARGET = 16.2;
				MTL_ENABLE_DEBUG_INFO = NO;
				MTL_FAST_MATH = YES;
				SDKROOT = iphoneos;
				SWIFT_COMPILATION_MODE = wholemodule;
				SWIFT_OPTIMIZATION_LEVEL = "-O";
				VALIDATE_PRODUCT = YES;
			};
			name = Release;
		};
		90ED7ED22A2108C7001B59B3 /* Debug */ = {
			isa = XCBuildConfiguration;
			buildSettings = {
				ASSETCATALOG_COMPILER_APPICON_NAME = AppIcon;
				ASSETCATALOG_COMPILER_GLOBAL_ACCENT_COLOR_NAME = AccentColor;
				CODE_SIGN_STYLE = Automatic;
				CURRENT_PROJECT_VERSION = 1;
				DEVELOPMENT_ASSET_PATHS = "\"Yummie/Preview Content\"";
				DEVELOPMENT_TEAM = CF4QM4CNHN;
				ENABLE_PREVIEWS = YES;
				GENERATE_INFOPLIST_FILE = YES;
				INFOPLIST_KEY_UIApplicationSceneManifest_Generation = YES;
				INFOPLIST_KEY_UIApplicationSupportsIndirectInputEvents = YES;
				INFOPLIST_KEY_UILaunchScreen_Generation = YES;
				INFOPLIST_KEY_UISupportedInterfaceOrientations_iPad = "UIInterfaceOrientationPortrait UIInterfaceOrientationPortraitUpsideDown UIInterfaceOrientationLandscapeLeft UIInterfaceOrientationLandscapeRight";
				INFOPLIST_KEY_UISupportedInterfaceOrientations_iPhone = "UIInterfaceOrientationPortrait UIInterfaceOrientationLandscapeLeft UIInterfaceOrientationLandscapeRight";
				LD_RUNPATH_SEARCH_PATHS = (
					"$(inherited)",
					"@executable_path/Frameworks",
				);
				MARKETING_VERSION = 1.0;
				PRODUCT_BUNDLE_IDENTIFIER = com.yogeshpatel.Yummie;
				PRODUCT_NAME = "$(TARGET_NAME)";
				SWIFT_EMIT_LOC_STRINGS = YES;
				SWIFT_VERSION = 5.0;
				TARGETED_DEVICE_FAMILY = "1,2";
			};
			name = Debug;
		};
		90ED7ED32A2108C7001B59B3 /* Release */ = {
			isa = XCBuildConfiguration;
			buildSettings = {
				ASSETCATALOG_COMPILER_APPICON_NAME = AppIcon;
				ASSETCATALOG_COMPILER_GLOBAL_ACCENT_COLOR_NAME = AccentColor;
				CODE_SIGN_STYLE = Automatic;
				CURRENT_PROJECT_VERSION = 1;
				DEVELOPMENT_ASSET_PATHS = "\"Yummie/Preview Content\"";
				DEVELOPMENT_TEAM = CF4QM4CNHN;
				ENABLE_PREVIEWS = YES;
				GENERATE_INFOPLIST_FILE = YES;
				INFOPLIST_KEY_UIApplicationSceneManifest_Generation = YES;
				INFOPLIST_KEY_UIApplicationSupportsIndirectInputEvents = YES;
				INFOPLIST_KEY_UILaunchScreen_Generation = YES;
				INFOPLIST_KEY_UISupportedInterfaceOrientations_iPad = "UIInterfaceOrientationPortrait UIInterfaceOrientationPortraitUpsideDown UIInterfaceOrientationLandscapeLeft UIInterfaceOrientationLandscapeRight";
				INFOPLIST_KEY_UISupportedInterfaceOrientations_iPhone = "UIInterfaceOrientationPortrait UIInterfaceOrientationLandscapeLeft UIInterfaceOrientationLandscapeRight";
				LD_RUNPATH_SEARCH_PATHS = (
					"$(inherited)",
					"@executable_path/Frameworks",
				);
				MARKETING_VERSION = 1.0;
				PRODUCT_BUNDLE_IDENTIFIER = com.yogeshpatel.Yummie;
				PRODUCT_NAME = "$(TARGET_NAME)";
				SWIFT_EMIT_LOC_STRINGS = YES;
				SWIFT_VERSION = 5.0;
				TARGETED_DEVICE_FAMILY = "1,2";
			};
			name = Release;
		};
/* End XCBuildConfiguration section */

/* Begin XCConfigurationList section */
		90ED7EB92A2108C6001B59B3 /* Build configuration list for PBXProject "Yummie" */ = {
			isa = XCConfigurationList;
			buildConfigurations = (
				90ED7ECF2A2108C7001B59B3 /* Debug */,
				90ED7ED02A2108C7001B59B3 /* Release */,
			);
			defaultConfigurationIsVisible = 0;
			defaultConfigurationName = Release;
		};
		90ED7ED12A2108C7001B59B3 /* Build configuration list for PBXNativeTarget "Yummie" */ = {
			isa = XCConfigurationList;
			buildConfigurations = (
				90ED7ED22A2108C7001B59B3 /* Debug */,
				90ED7ED32A2108C7001B59B3 /* Release */,
			);
			defaultConfigurationIsVisible = 0;
			defaultConfigurationName = Release;
		};
/* End XCConfigurationList section */

/* Begin XCVersionGroup section */
		90ED7ECC2A2108C7001B59B3 /* Yummie.xcdatamodeld */ = {
			isa = XCVersionGroup;
			children = (
				90ED7ECD2A2108C7001B59B3 /* Yummie.xcdatamodel */,
			);
			currentVersion = 90ED7ECD2A2108C7001B59B3 /* Yummie.xcdatamodel */;
			path = Yummie.xcdatamodeld;
			sourceTree = "<group>";
			versionGroupType = wrapper.xcdatamodel;
		};
/* End XCVersionGroup section */
	};
	rootObject = 90ED7EB62A2108C6001B59B3 /* Project object */;
}
